// !$*UTF8*$!
{
	archiveVersion = 1;
	classes = {
	};
	objectVersion = 46;
	objects = {

/* Begin PBXBuildFile section */
		FB0938221CD02DB900F801D2 /* MapKit.framework in Frameworks */ = {isa = PBXBuildFile; fileRef = FB0938211CD02DB900F801D2 /* MapKit.framework */; };
		FB1F6AAE1CD040B500D1D3DE /* AppDelegate.swift in Sources */ = {isa = PBXBuildFile; fileRef = FB1F6AA41CD040B500D1D3DE /* AppDelegate.swift */; };
		FB1F6AAF1CD040B500D1D3DE /* arrows.png in Resources */ = {isa = PBXBuildFile; fileRef = FB1F6AA51CD040B500D1D3DE /* arrows.png */; };
		FB1F6AB01CD040B500D1D3DE /* Assets.xcassets in Resources */ = {isa = PBXBuildFile; fileRef = FB1F6AA61CD040B500D1D3DE /* Assets.xcassets */; };
		FB1F6AB11CD040B500D1D3DE /* LaunchScreen.storyboard in Resources */ = {isa = PBXBuildFile; fileRef = FB1F6AA71CD040B500D1D3DE /* LaunchScreen.storyboard */; };
		FB1F6AB21CD040B500D1D3DE /* Main.storyboard in Resources */ = {isa = PBXBuildFile; fileRef = FB1F6AA91CD040B500D1D3DE /* Main.storyboard */; };
		FB1F6AB31CD040B500D1D3DE /* Info.plist in Resources */ = {isa = PBXBuildFile; fileRef = FB1F6AAB1CD040B500D1D3DE /* Info.plist */; };
		FB1F6AB41CD040B500D1D3DE /* MapViewController.swift in Sources */ = {isa = PBXBuildFile; fileRef = FB1F6AAC1CD040B500D1D3DE /* MapViewController.swift */; };
		FB1F6AB51CD040B500D1D3DE /* ViewController.swift in Sources */ = {isa = PBXBuildFile; fileRef = FB1F6AAD1CD040B500D1D3DE /* ViewController.swift */; };
		FB1F6AB71CD040F300D1D3DE /* dog.png in Resources */ = {isa = PBXBuildFile; fileRef = FB1F6AB61CD040F300D1D3DE /* dog.png */; };
		FB90B6241CD7E24600D3D42A /* Parse.framework in Frameworks */ = {isa = PBXBuildFile; fileRef = FB90B6231CD7E24600D3D42A /* Parse.framework */; };
		FB90B6261CD7E25400D3D42A /* Bolts.framework in Frameworks */ = {isa = PBXBuildFile; fileRef = FB90B6251CD7E25400D3D42A /* Bolts.framework */; };
		FB90B6281CD7E28D00D3D42A /* AudioToolbox.framework in Frameworks */ = {isa = PBXBuildFile; fileRef = FB90B6271CD7E28D00D3D42A /* AudioToolbox.framework */; };
		FB90B62A1CD7E29600D3D42A /* CFNetwork.framework in Frameworks */ = {isa = PBXBuildFile; fileRef = FB90B6291CD7E29600D3D42A /* CFNetwork.framework */; };
		FB90B62C1CD7E29C00D3D42A /* CoreGraphics.framework in Frameworks */ = {isa = PBXBuildFile; fileRef = FB90B62B1CD7E29C00D3D42A /* CoreGraphics.framework */; };
		FB90B62E1CD7E2A400D3D42A /* CoreLocation.framework in Frameworks */ = {isa = PBXBuildFile; fileRef = FB90B62D1CD7E2A400D3D42A /* CoreLocation.framework */; };
		FB90B6301CD7E2AB00D3D42A /* QuartzCore.framework in Frameworks */ = {isa = PBXBuildFile; fileRef = FB90B62F1CD7E2AB00D3D42A /* QuartzCore.framework */; };
		FB90B6321CD7E2B300D3D42A /* Security.framework in Frameworks */ = {isa = PBXBuildFile; fileRef = FB90B6311CD7E2B300D3D42A /* Security.framework */; };
		FB90B6341CD7E2B900D3D42A /* StoreKit.framework in Frameworks */ = {isa = PBXBuildFile; fileRef = FB90B6331CD7E2B900D3D42A /* StoreKit.framework */; };
		FB90B6361CD7E2C200D3D42A /* SystemConfiguration.framework in Frameworks */ = {isa = PBXBuildFile; fileRef = FB90B6351CD7E2C200D3D42A /* SystemConfiguration.framework */; };
		FB90B6381CD7E2CD00D3D42A /* libz.tbd in Frameworks */ = {isa = PBXBuildFile; fileRef = FB90B6371CD7E2CD00D3D42A /* libz.tbd */; };
		FB90B63A1CD7E2DB00D3D42A /* libsqlite3.tbd in Frameworks */ = {isa = PBXBuildFile; fileRef = FB90B6391CD7E2DB00D3D42A /* libsqlite3.tbd */; };
		FB90B63C1CD7F68E00D3D42A /* RegisterDataViewController.swift in Sources */ = {isa = PBXBuildFile; fileRef = FB90B63B1CD7F68E00D3D42A /* RegisterDataViewController.swift */; };
		FB90B63E1CD811CE00D3D42A /* RegisterPhotoViewController.swift in Sources */ = {isa = PBXBuildFile; fileRef = FB90B63D1CD811CE00D3D42A /* RegisterPhotoViewController.swift */; };
		FB90B6401CD8392600D3D42A /* FriendsViewController.swift in Sources */ = {isa = PBXBuildFile; fileRef = FB90B63F1CD8392600D3D42A /* FriendsViewController.swift */; };
		FB90B6421CD848AF00D3D42A /* AccountViewController.swift in Sources */ = {isa = PBXBuildFile; fileRef = FB90B6411CD848AF00D3D42A /* AccountViewController.swift */; };
		FB90B6441CD8538E00D3D42A /* Cancel-100.png in Resources */ = {isa = PBXBuildFile; fileRef = FB90B6431CD8538E00D3D42A /* Cancel-100.png */; };
		FB90B6481CD8552D00D3D42A /* Checked-100.png in Resources */ = {isa = PBXBuildFile; fileRef = FB90B6471CD8552D00D3D42A /* Checked-100.png */; };
		FB90B64A1CD8585900D3D42A /* Pencil Tip-100.png in Resources */ = {isa = PBXBuildFile; fileRef = FB90B6491CD8585900D3D42A /* Pencil Tip-100.png */; };
		FB90B64C1CD85F9E00D3D42A /* Plus-100.png in Resources */ = {isa = PBXBuildFile; fileRef = FB90B64B1CD85F9E00D3D42A /* Plus-100.png */; };
		FB90B64E1CD867A700D3D42A /* ProfileViewController.swift in Sources */ = {isa = PBXBuildFile; fileRef = FB90B64D1CD867A700D3D42A /* ProfileViewController.swift */; };
		FB90B6501CD87EAD00D3D42A /* Exit-100.png in Resources */ = {isa = PBXBuildFile; fileRef = FB90B64F1CD87EAD00D3D42A /* Exit-100.png */; };
		FBB981931CD94AE900EA6F8C /* FindViewController.swift in Sources */ = {isa = PBXBuildFile; fileRef = FBB981921CD94AE900EA6F8C /* FindViewController.swift */; };
		FBCEE03B1CD0254D00AEDF7A /* DogCommunityTests.swift in Sources */ = {isa = PBXBuildFile; fileRef = FBCEE03A1CD0254D00AEDF7A /* DogCommunityTests.swift */; };
		FBCEE0461CD0254D00AEDF7A /* DogCommunityUITests.swift in Sources */ = {isa = PBXBuildFile; fileRef = FBCEE0451CD0254D00AEDF7A /* DogCommunityUITests.swift */; };
		FBD11C741CD15B960097EF70 /* diggy_dog_2.png in Resources */ = {isa = PBXBuildFile; fileRef = FBD11C731CD15B960097EF70 /* diggy_dog_2.png */; };
		FBEA96421CD433A3006F5B6A /* add-contact2.png in Resources */ = {isa = PBXBuildFile; fileRef = FBEA96411CD433A3006F5B6A /* add-contact2.png */; };
		FBEA96441CD433AC006F5B6A /* dog-paw2.png in Resources */ = {isa = PBXBuildFile; fileRef = FBEA96431CD433AC006F5B6A /* dog-paw2.png */; };
/* End PBXBuildFile section */

/* Begin PBXContainerItemProxy section */
		FBCEE0371CD0254D00AEDF7A /* PBXContainerItemProxy */ = {
			isa = PBXContainerItemProxy;
			containerPortal = FBCEE01A1CD0254D00AEDF7A /* Project object */;
			proxyType = 1;
			remoteGlobalIDString = FBCEE0211CD0254D00AEDF7A;
			remoteInfo = DogCommunity;
		};
		FBCEE0421CD0254D00AEDF7A /* PBXContainerItemProxy */ = {
			isa = PBXContainerItemProxy;
			containerPortal = FBCEE01A1CD0254D00AEDF7A /* Project object */;
			proxyType = 1;
			remoteGlobalIDString = FBCEE0211CD0254D00AEDF7A;
			remoteInfo = DogCommunity;
		};
/* End PBXContainerItemProxy section */

/* Begin PBXFileReference section */
		FB0938211CD02DB900F801D2 /* MapKit.framework */ = {isa = PBXFileReference; lastKnownFileType = wrapper.framework; name = MapKit.framework; path = System/Library/Frameworks/MapKit.framework; sourceTree = SDKROOT; };
		FB1F6AA41CD040B500D1D3DE /* AppDelegate.swift */ = {isa = PBXFileReference; fileEncoding = 4; lastKnownFileType = sourcecode.swift; path = AppDelegate.swift; sourceTree = "<group>"; };
		FB1F6AA51CD040B500D1D3DE /* arrows.png */ = {isa = PBXFileReference; lastKnownFileType = image.png; path = arrows.png; sourceTree = "<group>"; };
		FB1F6AA61CD040B500D1D3DE /* Assets.xcassets */ = {isa = PBXFileReference; lastKnownFileType = folder.assetcatalog; path = Assets.xcassets; sourceTree = "<group>"; };
		FB1F6AA81CD040B500D1D3DE /* Base */ = {isa = PBXFileReference; lastKnownFileType = file.storyboard; name = Base; path = Base.lproj/LaunchScreen.storyboard; sourceTree = "<group>"; };
		FB1F6AAA1CD040B500D1D3DE /* Base */ = {isa = PBXFileReference; lastKnownFileType = file.storyboard; name = Base; path = Base.lproj/Main.storyboard; sourceTree = "<group>"; };
		FB1F6AAB1CD040B500D1D3DE /* Info.plist */ = {isa = PBXFileReference; fileEncoding = 4; lastKnownFileType = text.plist.xml; path = Info.plist; sourceTree = "<group>"; };
		FB1F6AAC1CD040B500D1D3DE /* MapViewController.swift */ = {isa = PBXFileReference; fileEncoding = 4; lastKnownFileType = sourcecode.swift; path = MapViewController.swift; sourceTree = "<group>"; };
		FB1F6AAD1CD040B500D1D3DE /* ViewController.swift */ = {isa = PBXFileReference; fileEncoding = 4; lastKnownFileType = sourcecode.swift; path = ViewController.swift; sourceTree = "<group>"; };
		FB1F6AB61CD040F300D1D3DE /* dog.png */ = {isa = PBXFileReference; lastKnownFileType = image.png; path = dog.png; sourceTree = "<group>"; };
		FB90B6231CD7E24600D3D42A /* Parse.framework */ = {isa = PBXFileReference; lastKnownFileType = wrapper.framework; path = Parse.framework; sourceTree = "<group>"; };
		FB90B6251CD7E25400D3D42A /* Bolts.framework */ = {isa = PBXFileReference; lastKnownFileType = wrapper.framework; path = Bolts.framework; sourceTree = "<group>"; };
		FB90B6271CD7E28D00D3D42A /* AudioToolbox.framework */ = {isa = PBXFileReference; lastKnownFileType = wrapper.framework; name = AudioToolbox.framework; path = System/Library/Frameworks/AudioToolbox.framework; sourceTree = SDKROOT; };
		FB90B6291CD7E29600D3D42A /* CFNetwork.framework */ = {isa = PBXFileReference; lastKnownFileType = wrapper.framework; name = CFNetwork.framework; path = System/Library/Frameworks/CFNetwork.framework; sourceTree = SDKROOT; };
		FB90B62B1CD7E29C00D3D42A /* CoreGraphics.framework */ = {isa = PBXFileReference; lastKnownFileType = wrapper.framework; name = CoreGraphics.framework; path = System/Library/Frameworks/CoreGraphics.framework; sourceTree = SDKROOT; };
		FB90B62D1CD7E2A400D3D42A /* CoreLocation.framework */ = {isa = PBXFileReference; lastKnownFileType = wrapper.framework; name = CoreLocation.framework; path = System/Library/Frameworks/CoreLocation.framework; sourceTree = SDKROOT; };
		FB90B62F1CD7E2AB00D3D42A /* QuartzCore.framework */ = {isa = PBXFileReference; lastKnownFileType = wrapper.framework; name = QuartzCore.framework; path = System/Library/Frameworks/QuartzCore.framework; sourceTree = SDKROOT; };
		FB90B6311CD7E2B300D3D42A /* Security.framework */ = {isa = PBXFileReference; lastKnownFileType = wrapper.framework; name = Security.framework; path = System/Library/Frameworks/Security.framework; sourceTree = SDKROOT; };
		FB90B6331CD7E2B900D3D42A /* StoreKit.framework */ = {isa = PBXFileReference; lastKnownFileType = wrapper.framework; name = StoreKit.framework; path = System/Library/Frameworks/StoreKit.framework; sourceTree = SDKROOT; };
		FB90B6351CD7E2C200D3D42A /* SystemConfiguration.framework */ = {isa = PBXFileReference; lastKnownFileType = wrapper.framework; name = SystemConfiguration.framework; path = System/Library/Frameworks/SystemConfiguration.framework; sourceTree = SDKROOT; };
		FB90B6371CD7E2CD00D3D42A /* libz.tbd */ = {isa = PBXFileReference; lastKnownFileType = "sourcecode.text-based-dylib-definition"; name = libz.tbd; path = usr/lib/libz.tbd; sourceTree = SDKROOT; };
		FB90B6391CD7E2DB00D3D42A /* libsqlite3.tbd */ = {isa = PBXFileReference; lastKnownFileType = "sourcecode.text-based-dylib-definition"; name = libsqlite3.tbd; path = usr/lib/libsqlite3.tbd; sourceTree = SDKROOT; };
		FB90B63B1CD7F68E00D3D42A /* RegisterDataViewController.swift */ = {isa = PBXFileReference; fileEncoding = 4; lastKnownFileType = sourcecode.swift; path = RegisterDataViewController.swift; sourceTree = "<group>"; };
		FB90B63D1CD811CE00D3D42A /* RegisterPhotoViewController.swift */ = {isa = PBXFileReference; fileEncoding = 4; lastKnownFileType = sourcecode.swift; path = RegisterPhotoViewController.swift; sourceTree = "<group>"; };
		FB90B63F1CD8392600D3D42A /* FriendsViewController.swift */ = {isa = PBXFileReference; fileEncoding = 4; lastKnownFileType = sourcecode.swift; path = FriendsViewController.swift; sourceTree = "<group>"; };
		FB90B6411CD848AF00D3D42A /* AccountViewController.swift */ = {isa = PBXFileReference; fileEncoding = 4; lastKnownFileType = sourcecode.swift; path = AccountViewController.swift; sourceTree = "<group>"; };
		FB90B6431CD8538E00D3D42A /* Cancel-100.png */ = {isa = PBXFileReference; lastKnownFileType = image.png; path = "Cancel-100.png"; sourceTree = "<group>"; };
		FB90B6471CD8552D00D3D42A /* Checked-100.png */ = {isa = PBXFileReference; lastKnownFileType = image.png; path = "Checked-100.png"; sourceTree = "<group>"; };
		FB90B6491CD8585900D3D42A /* Pencil Tip-100.png */ = {isa = PBXFileReference; lastKnownFileType = image.png; path = "Pencil Tip-100.png"; sourceTree = "<group>"; };
		FB90B64B1CD85F9E00D3D42A /* Plus-100.png */ = {isa = PBXFileReference; lastKnownFileType = image.png; path = "Plus-100.png"; sourceTree = "<group>"; };
		FB90B64D1CD867A700D3D42A /* ProfileViewController.swift */ = {isa = PBXFileReference; fileEncoding = 4; lastKnownFileType = sourcecode.swift; path = ProfileViewController.swift; sourceTree = "<group>"; };
		FB90B64F1CD87EAD00D3D42A /* Exit-100.png */ = {isa = PBXFileReference; lastKnownFileType = image.png; path = "Exit-100.png"; sourceTree = "<group>"; };
		FBB981921CD94AE900EA6F8C /* FindViewController.swift */ = {isa = PBXFileReference; fileEncoding = 4; lastKnownFileType = sourcecode.swift; path = FindViewController.swift; sourceTree = "<group>"; };
		FBCEE0221CD0254D00AEDF7A /* DogCommunity.app */ = {isa = PBXFileReference; explicitFileType = wrapper.application; includeInIndex = 0; path = DogCommunity.app; sourceTree = BUILT_PRODUCTS_DIR; };
		FBCEE0361CD0254D00AEDF7A /* DogCommunityTests.xctest */ = {isa = PBXFileReference; explicitFileType = wrapper.cfbundle; includeInIndex = 0; path = DogCommunityTests.xctest; sourceTree = BUILT_PRODUCTS_DIR; };
		FBCEE03A1CD0254D00AEDF7A /* DogCommunityTests.swift */ = {isa = PBXFileReference; lastKnownFileType = sourcecode.swift; path = DogCommunityTests.swift; sourceTree = "<group>"; };
		FBCEE03C1CD0254D00AEDF7A /* Info.plist */ = {isa = PBXFileReference; lastKnownFileType = text.plist.xml; path = Info.plist; sourceTree = "<group>"; };
		FBCEE0411CD0254D00AEDF7A /* DogCommunityUITests.xctest */ = {isa = PBXFileReference; explicitFileType = wrapper.cfbundle; includeInIndex = 0; path = DogCommunityUITests.xctest; sourceTree = BUILT_PRODUCTS_DIR; };
		FBCEE0451CD0254D00AEDF7A /* DogCommunityUITests.swift */ = {isa = PBXFileReference; lastKnownFileType = sourcecode.swift; path = DogCommunityUITests.swift; sourceTree = "<group>"; };
		FBCEE0471CD0254D00AEDF7A /* Info.plist */ = {isa = PBXFileReference; lastKnownFileType = text.plist.xml; path = Info.plist; sourceTree = "<group>"; };
		FBD11C731CD15B960097EF70 /* diggy_dog_2.png */ = {isa = PBXFileReference; lastKnownFileType = image.png; path = diggy_dog_2.png; sourceTree = "<group>"; };
		FBEA96411CD433A3006F5B6A /* add-contact2.png */ = {isa = PBXFileReference; lastKnownFileType = image.png; name = "add-contact2.png"; path = "../add-contact2.png"; sourceTree = "<group>"; };
		FBEA96431CD433AC006F5B6A /* dog-paw2.png */ = {isa = PBXFileReference; lastKnownFileType = image.png; name = "dog-paw2.png"; path = "../dog-paw2.png"; sourceTree = "<group>"; };
/* End PBXFileReference section */

/* Begin PBXFrameworksBuildPhase section */
		FBCEE01F1CD0254D00AEDF7A /* Frameworks */ = {
			isa = PBXFrameworksBuildPhase;
			buildActionMask = 2147483647;
			files = (
				FB90B63A1CD7E2DB00D3D42A /* libsqlite3.tbd in Frameworks */,
				FB90B6381CD7E2CD00D3D42A /* libz.tbd in Frameworks */,
				FB90B6361CD7E2C200D3D42A /* SystemConfiguration.framework in Frameworks */,
				FB90B6341CD7E2B900D3D42A /* StoreKit.framework in Frameworks */,
				FB90B6321CD7E2B300D3D42A /* Security.framework in Frameworks */,
				FB90B6301CD7E2AB00D3D42A /* QuartzCore.framework in Frameworks */,
				FB90B62E1CD7E2A400D3D42A /* CoreLocation.framework in Frameworks */,
				FB90B62C1CD7E29C00D3D42A /* CoreGraphics.framework in Frameworks */,
				FB90B62A1CD7E29600D3D42A /* CFNetwork.framework in Frameworks */,
				FB90B6281CD7E28D00D3D42A /* AudioToolbox.framework in Frameworks */,
				FB90B6261CD7E25400D3D42A /* Bolts.framework in Frameworks */,
				FB90B6241CD7E24600D3D42A /* Parse.framework in Frameworks */,
				FB0938221CD02DB900F801D2 /* MapKit.framework in Frameworks */,
			);
			runOnlyForDeploymentPostprocessing = 0;
		};
		FBCEE0331CD0254D00AEDF7A /* Frameworks */ = {
			isa = PBXFrameworksBuildPhase;
			buildActionMask = 2147483647;
			files = (
			);
			runOnlyForDeploymentPostprocessing = 0;
		};
		FBCEE03E1CD0254D00AEDF7A /* Frameworks */ = {
			isa = PBXFrameworksBuildPhase;
			buildActionMask = 2147483647;
			files = (
			);
			runOnlyForDeploymentPostprocessing = 0;
		};
/* End PBXFrameworksBuildPhase section */

/* Begin PBXGroup section */
		FB1F6AA31CD040B500D1D3DE /* DogCommunity */ = {
			isa = PBXGroup;
			children = (
				FB1F6AA61CD040B500D1D3DE /* Assets.xcassets */,
				FB90B6221CD7DF7100D3D42A /* Images */,
				FB1F6AA91CD040B500D1D3DE /* Main.storyboard */,
				FB1F6AA71CD040B500D1D3DE /* LaunchScreen.storyboard */,
				FB1F6AA41CD040B500D1D3DE /* AppDelegate.swift */,
				FB1F6AAD1CD040B500D1D3DE /* ViewController.swift */,
				FB90B63B1CD7F68E00D3D42A /* RegisterDataViewController.swift */,
				FB90B63D1CD811CE00D3D42A /* RegisterPhotoViewController.swift */,
				FB1F6AAC1CD040B500D1D3DE /* MapViewController.swift */,
				FB1F6AAB1CD040B500D1D3DE /* Info.plist */,
				FB90B63F1CD8392600D3D42A /* FriendsViewController.swift */,
				FB90B6411CD848AF00D3D42A /* AccountViewController.swift */,
				FB90B64D1CD867A700D3D42A /* ProfileViewController.swift */,
				FBB981921CD94AE900EA6F8C /* FindViewController.swift */,
			);
			path = DogCommunity;
			sourceTree = "<group>";
		};
		FB90B6221CD7DF7100D3D42A /* Images */ = {
			isa = PBXGroup;
			children = (
				FB90B64F1CD87EAD00D3D42A /* Exit-100.png */,
				FB90B64B1CD85F9E00D3D42A /* Plus-100.png */,
				FB90B6491CD8585900D3D42A /* Pencil Tip-100.png */,
				FB90B6471CD8552D00D3D42A /* Checked-100.png */,
				FB90B6431CD8538E00D3D42A /* Cancel-100.png */,
				FB1F6AA51CD040B500D1D3DE /* arrows.png */,
				FB1F6AB61CD040F300D1D3DE /* dog.png */,
				FBD11C731CD15B960097EF70 /* diggy_dog_2.png */,
				FBEA96431CD433AC006F5B6A /* dog-paw2.png */,
				FBEA96411CD433A3006F5B6A /* add-contact2.png */,
			);
			name = Images;
			sourceTree = "<group>";
		};
		FBCEE0191CD0254D00AEDF7A = {
			isa = PBXGroup;
			children = (
				FB90B6391CD7E2DB00D3D42A /* libsqlite3.tbd */,
				FB90B6371CD7E2CD00D3D42A /* libz.tbd */,
				FB90B6351CD7E2C200D3D42A /* SystemConfiguration.framework */,
				FB90B6331CD7E2B900D3D42A /* StoreKit.framework */,
				FB90B6311CD7E2B300D3D42A /* Security.framework */,
				FB90B62F1CD7E2AB00D3D42A /* QuartzCore.framework */,
				FB90B62D1CD7E2A400D3D42A /* CoreLocation.framework */,
				FB90B62B1CD7E29C00D3D42A /* CoreGraphics.framework */,
				FB90B6291CD7E29600D3D42A /* CFNetwork.framework */,
				FB90B6271CD7E28D00D3D42A /* AudioToolbox.framework */,
				FB90B6251CD7E25400D3D42A /* Bolts.framework */,
				FB90B6231CD7E24600D3D42A /* Parse.framework */,
				FB0938211CD02DB900F801D2 /* MapKit.framework */,
				FB1F6AA31CD040B500D1D3DE /* DogCommunity */,
				FBCEE0391CD0254D00AEDF7A /* DogCommunityTests */,
				FBCEE0441CD0254D00AEDF7A /* DogCommunityUITests */,
				FBCEE0231CD0254D00AEDF7A /* Products */,
			);
			sourceTree = "<group>";
		};
		FBCEE0231CD0254D00AEDF7A /* Products */ = {
			isa = PBXGroup;
			children = (
				FBCEE0221CD0254D00AEDF7A /* DogCommunity.app */,
				FBCEE0361CD0254D00AEDF7A /* DogCommunityTests.xctest */,
				FBCEE0411CD0254D00AEDF7A /* DogCommunityUITests.xctest */,
			);
			name = Products;
			sourceTree = "<group>";
		};
		FBCEE0391CD0254D00AEDF7A /* DogCommunityTests */ = {
			isa = PBXGroup;
			children = (
				FBCEE03A1CD0254D00AEDF7A /* DogCommunityTests.swift */,
				FBCEE03C1CD0254D00AEDF7A /* Info.plist */,
			);
			path = DogCommunityTests;
			sourceTree = "<group>";
		};
		FBCEE0441CD0254D00AEDF7A /* DogCommunityUITests */ = {
			isa = PBXGroup;
			children = (
				FBCEE0451CD0254D00AEDF7A /* DogCommunityUITests.swift */,
				FBCEE0471CD0254D00AEDF7A /* Info.plist */,
			);
			path = DogCommunityUITests;
			sourceTree = "<group>";
		};
/* End PBXGroup section */

/* Begin PBXNativeTarget section */
		FBCEE0211CD0254D00AEDF7A /* DogCommunity */ = {
			isa = PBXNativeTarget;
			buildConfigurationList = FBCEE04A1CD0254D00AEDF7A /* Build configuration list for PBXNativeTarget "DogCommunity" */;
			buildPhases = (
				FBCEE01E1CD0254D00AEDF7A /* Sources */,
				FBCEE01F1CD0254D00AEDF7A /* Frameworks */,
				FBCEE0201CD0254D00AEDF7A /* Resources */,
			);
			buildRules = (
			);
			dependencies = (
			);
			name = DogCommunity;
			productName = DogCommunity;
			productReference = FBCEE0221CD0254D00AEDF7A /* DogCommunity.app */;
			productType = "com.apple.product-type.application";
		};
		FBCEE0351CD0254D00AEDF7A /* DogCommunityTests */ = {
			isa = PBXNativeTarget;
			buildConfigurationList = FBCEE04D1CD0254D00AEDF7A /* Build configuration list for PBXNativeTarget "DogCommunityTests" */;
			buildPhases = (
				FBCEE0321CD0254D00AEDF7A /* Sources */,
				FBCEE0331CD0254D00AEDF7A /* Frameworks */,
				FBCEE0341CD0254D00AEDF7A /* Resources */,
			);
			buildRules = (
			);
			dependencies = (
				FBCEE0381CD0254D00AEDF7A /* PBXTargetDependency */,
			);
			name = DogCommunityTests;
			productName = DogCommunityTests;
			productReference = FBCEE0361CD0254D00AEDF7A /* DogCommunityTests.xctest */;
			productType = "com.apple.product-type.bundle.unit-test";
		};
		FBCEE0401CD0254D00AEDF7A /* DogCommunityUITests */ = {
			isa = PBXNativeTarget;
			buildConfigurationList = FBCEE0501CD0254D00AEDF7A /* Build configuration list for PBXNativeTarget "DogCommunityUITests" */;
			buildPhases = (
				FBCEE03D1CD0254D00AEDF7A /* Sources */,
				FBCEE03E1CD0254D00AEDF7A /* Frameworks */,
				FBCEE03F1CD0254D00AEDF7A /* Resources */,
			);
			buildRules = (
			);
			dependencies = (
				FBCEE0431CD0254D00AEDF7A /* PBXTargetDependency */,
			);
			name = DogCommunityUITests;
			productName = DogCommunityUITests;
			productReference = FBCEE0411CD0254D00AEDF7A /* DogCommunityUITests.xctest */;
			productType = "com.apple.product-type.bundle.ui-testing";
		};
/* End PBXNativeTarget section */

/* Begin PBXProject section */
		FBCEE01A1CD0254D00AEDF7A /* Project object */ = {
			isa = PBXProject;
			attributes = {
				LastSwiftUpdateCheck = 0720;
				LastUpgradeCheck = 0720;
				ORGANIZATIONNAME = "TEAM PUE";
				TargetAttributes = {
					FBCEE0211CD0254D00AEDF7A = {
						CreatedOnToolsVersion = 7.2;
					};
					FBCEE0351CD0254D00AEDF7A = {
						CreatedOnToolsVersion = 7.2;
						TestTargetID = FBCEE0211CD0254D00AEDF7A;
					};
					FBCEE0401CD0254D00AEDF7A = {
						CreatedOnToolsVersion = 7.2;
						TestTargetID = FBCEE0211CD0254D00AEDF7A;
					};
				};
			};
			buildConfigurationList = FBCEE01D1CD0254D00AEDF7A /* Build configuration list for PBXProject "DogCommunity" */;
			compatibilityVersion = "Xcode 3.2";
			developmentRegion = English;
			hasScannedForEncodings = 0;
			knownRegions = (
				en,
				Base,
			);
			mainGroup = FBCEE0191CD0254D00AEDF7A;
			productRefGroup = FBCEE0231CD0254D00AEDF7A /* Products */;
			projectDirPath = "";
			projectRoot = "";
			targets = (
				FBCEE0211CD0254D00AEDF7A /* DogCommunity */,
				FBCEE0351CD0254D00AEDF7A /* DogCommunityTests */,
				FBCEE0401CD0254D00AEDF7A /* DogCommunityUITests */,
			);
		};
/* End PBXProject section */

/* Begin PBXResourcesBuildPhase section */
		FBCEE0201CD0254D00AEDF7A /* Resources */ = {
			isa = PBXResourcesBuildPhase;
			buildActionMask = 2147483647;
			files = (
				FB90B6481CD8552D00D3D42A /* Checked-100.png in Resources */,
				FB90B64C1CD85F9E00D3D42A /* Plus-100.png in Resources */,
				FBD11C741CD15B960097EF70 /* diggy_dog_2.png in Resources */,
				FB90B64A1CD8585900D3D42A /* Pencil Tip-100.png in Resources */,
				FB1F6AB71CD040F300D1D3DE /* dog.png in Resources */,
				FB1F6AAF1CD040B500D1D3DE /* arrows.png in Resources */,
				FB1F6AB31CD040B500D1D3DE /* Info.plist in Resources */,
				FBEA96441CD433AC006F5B6A /* dog-paw2.png in Resources */,
				FB1F6AB21CD040B500D1D3DE /* Main.storyboard in Resources */,
				FB1F6AB11CD040B500D1D3DE /* LaunchScreen.storyboard in Resources */,
				FB1F6AB01CD040B500D1D3DE /* Assets.xcassets in Resources */,
				FB90B6501CD87EAD00D3D42A /* Exit-100.png in Resources */,
				FBEA96421CD433A3006F5B6A /* add-contact2.png in Resources */,
				FB90B6441CD8538E00D3D42A /* Cancel-100.png in Resources */,
			);
			runOnlyForDeploymentPostprocessing = 0;
		};
		FBCEE0341CD0254D00AEDF7A /* Resources */ = {
			isa = PBXResourcesBuildPhase;
			buildActionMask = 2147483647;
			files = (
			);
			runOnlyForDeploymentPostprocessing = 0;
		};
		FBCEE03F1CD0254D00AEDF7A /* Resources */ = {
			isa = PBXResourcesBuildPhase;
			buildActionMask = 2147483647;
			files = (
			);
			runOnlyForDeploymentPostprocessing = 0;
		};
/* End PBXResourcesBuildPhase section */

/* Begin PBXSourcesBuildPhase section */
		FBCEE01E1CD0254D00AEDF7A /* Sources */ = {
			isa = PBXSourcesBuildPhase;
			buildActionMask = 2147483647;
			files = (
				FB1F6AB51CD040B500D1D3DE /* ViewController.swift in Sources */,
				FB1F6AAE1CD040B500D1D3DE /* AppDelegate.swift in Sources */,
				FB90B6421CD848AF00D3D42A /* AccountViewController.swift in Sources */,
				FB90B63C1CD7F68E00D3D42A /* RegisterDataViewController.swift in Sources */,
				FB90B63E1CD811CE00D3D42A /* RegisterPhotoViewController.swift in Sources */,
				FBB981931CD94AE900EA6F8C /* FindViewController.swift in Sources */,
				FB90B6401CD8392600D3D42A /* FriendsViewController.swift in Sources */,
				FB90B64E1CD867A700D3D42A /* ProfileViewController.swift in Sources */,
				FB1F6AB41CD040B500D1D3DE /* MapViewController.swift in Sources */,
			);
			runOnlyForDeploymentPostprocessing = 0;
		};
		FBCEE0321CD0254D00AEDF7A /* Sources */ = {
			isa = PBXSourcesBuildPhase;
			buildActionMask = 2147483647;
			files = (
				FBCEE03B1CD0254D00AEDF7A /* DogCommunityTests.swift in Sources */,
			);
			runOnlyForDeploymentPostprocessing = 0;
		};
		FBCEE03D1CD0254D00AEDF7A /* Sources */ = {
			isa = PBXSourcesBuildPhase;
			buildActionMask = 2147483647;
			files = (
				FBCEE0461CD0254D00AEDF7A /* DogCommunityUITests.swift in Sources */,
			);
			runOnlyForDeploymentPostprocessing = 0;
		};
/* End PBXSourcesBuildPhase section */

/* Begin PBXTargetDependency section */
		FBCEE0381CD0254D00AEDF7A /* PBXTargetDependency */ = {
			isa = PBXTargetDependency;
			target = FBCEE0211CD0254D00AEDF7A /* DogCommunity */;
			targetProxy = FBCEE0371CD0254D00AEDF7A /* PBXContainerItemProxy */;
		};
		FBCEE0431CD0254D00AEDF7A /* PBXTargetDependency */ = {
			isa = PBXTargetDependency;
			target = FBCEE0211CD0254D00AEDF7A /* DogCommunity */;
			targetProxy = FBCEE0421CD0254D00AEDF7A /* PBXContainerItemProxy */;
		};
/* End PBXTargetDependency section */

/* Begin PBXVariantGroup section */
		FB1F6AA71CD040B500D1D3DE /* LaunchScreen.storyboard */ = {
			isa = PBXVariantGroup;
			children = (
				FB1F6AA81CD040B500D1D3DE /* Base */,
			);
			name = LaunchScreen.storyboard;
			sourceTree = "<group>";
		};
		FB1F6AA91CD040B500D1D3DE /* Main.storyboard */ = {
			isa = PBXVariantGroup;
			children = (
				FB1F6AAA1CD040B500D1D3DE /* Base */,
			);
			name = Main.storyboard;
			sourceTree = "<group>";
		};
/* End PBXVariantGroup section */

/* Begin XCBuildConfiguration section */
		FBCEE0481CD0254D00AEDF7A /* Debug */ = {
			isa = XCBuildConfiguration;
			buildSettings = {
				ALWAYS_SEARCH_USER_PATHS = NO;
				CLANG_CXX_LANGUAGE_STANDARD = "gnu++0x";
				CLANG_CXX_LIBRARY = "libc++";
				CLANG_ENABLE_MODULES = YES;
				CLANG_ENABLE_OBJC_ARC = YES;
				CLANG_WARN_BOOL_CONVERSION = YES;
				CLANG_WARN_CONSTANT_CONVERSION = YES;
				CLANG_WARN_DIRECT_OBJC_ISA_USAGE = YES_ERROR;
				CLANG_WARN_EMPTY_BODY = YES;
				CLANG_WARN_ENUM_CONVERSION = YES;
				CLANG_WARN_INT_CONVERSION = YES;
				CLANG_WARN_OBJC_ROOT_CLASS = YES_ERROR;
				CLANG_WARN_UNREACHABLE_CODE = YES;
				CLANG_WARN__DUPLICATE_METHOD_MATCH = YES;
				"CODE_SIGN_IDENTITY[sdk=iphoneos*]" = "iPhone Developer";
				COPY_PHASE_STRIP = NO;
				DEBUG_INFORMATION_FORMAT = dwarf;
				ENABLE_STRICT_OBJC_MSGSEND = YES;
				ENABLE_TESTABILITY = YES;
				GCC_C_LANGUAGE_STANDARD = gnu99;
				GCC_DYNAMIC_NO_PIC = NO;
				GCC_NO_COMMON_BLOCKS = YES;
				GCC_OPTIMIZATION_LEVEL = 0;
				GCC_PREPROCESSOR_DEFINITIONS = (
					"DEBUG=1",
					"$(inherited)",
				);
				GCC_WARN_64_TO_32_BIT_CONVERSION = YES;
				GCC_WARN_ABOUT_RETURN_TYPE = YES_ERROR;
				GCC_WARN_UNDECLARED_SELECTOR = YES;
				GCC_WARN_UNINITIALIZED_AUTOS = YES_AGGRESSIVE;
				GCC_WARN_UNUSED_FUNCTION = YES;
				GCC_WARN_UNUSED_VARIABLE = YES;
				IPHONEOS_DEPLOYMENT_TARGET = 9.2;
				MTL_ENABLE_DEBUG_INFO = YES;
				ONLY_ACTIVE_ARCH = YES;
				SDKROOT = iphoneos;
				SWIFT_OPTIMIZATION_LEVEL = "-Onone";
				TARGETED_DEVICE_FAMILY = "1,2";
			};
			name = Debug;
		};
		FBCEE0491CD0254D00AEDF7A /* Release */ = {
			isa = XCBuildConfiguration;
			buildSettings = {
				ALWAYS_SEARCH_USER_PATHS = NO;
				CLANG_CXX_LANGUAGE_STANDARD = "gnu++0x";
				CLANG_CXX_LIBRARY = "libc++";
				CLANG_ENABLE_MODULES = YES;
				CLANG_ENABLE_OBJC_ARC = YES;
				CLANG_WARN_BOOL_CONVERSION = YES;
				CLANG_WARN_CONSTANT_CONVERSION = YES;
				CLANG_WARN_DIRECT_OBJC_ISA_USAGE = YES_ERROR;
				CLANG_WARN_EMPTY_BODY = YES;
				CLANG_WARN_ENUM_CONVERSION = YES;
				CLANG_WARN_INT_CONVERSION = YES;
				CLANG_WARN_OBJC_ROOT_CLASS = YES_ERROR;
				CLANG_WARN_UNREACHABLE_CODE = YES;
				CLANG_WARN__DUPLICATE_METHOD_MATCH = YES;
				"CODE_SIGN_IDENTITY[sdk=iphoneos*]" = "iPhone Developer";
				COPY_PHASE_STRIP = NO;
				DEBUG_INFORMATION_FORMAT = "dwarf-with-dsym";
				ENABLE_NS_ASSERTIONS = NO;
				ENABLE_STRICT_OBJC_MSGSEND = YES;
				GCC_C_LANGUAGE_STANDARD = gnu99;
				GCC_NO_COMMON_BLOCKS = YES;
				GCC_WARN_64_TO_32_BIT_CONVERSION = YES;
				GCC_WARN_ABOUT_RETURN_TYPE = YES_ERROR;
				GCC_WARN_UNDECLARED_SELECTOR = YES;
				GCC_WARN_UNINITIALIZED_AUTOS = YES_AGGRESSIVE;
				GCC_WARN_UNUSED_FUNCTION = YES;
				GCC_WARN_UNUSED_VARIABLE = YES;
				IPHONEOS_DEPLOYMENT_TARGET = 9.2;
				MTL_ENABLE_DEBUG_INFO = NO;
				SDKROOT = iphoneos;
				TARGETED_DEVICE_FAMILY = "1,2";
				VALIDATE_PRODUCT = YES;
			};
			name = Release;
		};
		FBCEE04B1CD0254D00AEDF7A /* Debug */ = {
			isa = XCBuildConfiguration;
			buildSettings = {
				ASSETCATALOG_COMPILER_APPICON_NAME = AppIcon;
				FRAMEWORK_SEARCH_PATHS = (
					"$(inherited)",
					"$(PROJECT_DIR)",
				);
				INFOPLIST_FILE = DogCommunity/Info.plist;
				LD_RUNPATH_SEARCH_PATHS = "$(inherited) @executable_path/Frameworks";
				PRODUCT_BUNDLE_IDENTIFIER = TEAM.DogCommunity;
				PRODUCT_NAME = "$(TARGET_NAME)";
			};
			name = Debug;
		};
		FBCEE04C1CD0254D00AEDF7A /* Release */ = {
			isa = XCBuildConfiguration;
			buildSettings = {
				ASSETCATALOG_COMPILER_APPICON_NAME = AppIcon;
				FRAMEWORK_SEARCH_PATHS = (
					"$(inherited)",
					"$(PROJECT_DIR)",
				);
				INFOPLIST_FILE = DogCommunity/Info.plist;
				LD_RUNPATH_SEARCH_PATHS = "$(inherited) @executable_path/Frameworks";
				PRODUCT_BUNDLE_IDENTIFIER = TEAM.DogCommunity;
				PRODUCT_NAME = "$(TARGET_NAME)";
			};
			name = Release;
		};
		FBCEE04E1CD0254D00AEDF7A /* Debug */ = {
			isa = XCBuildConfiguration;
			buildSettings = {
				BUNDLE_LOADER = "$(TEST_HOST)";
				INFOPLIST_FILE = DogCommunityTests/Info.plist;
				LD_RUNPATH_SEARCH_PATHS = "$(inherited) @executable_path/Frameworks @loader_path/Frameworks";
				PRODUCT_BUNDLE_IDENTIFIER = TEAM.DogCommunityTests;
				PRODUCT_NAME = "$(TARGET_NAME)";
				TEST_HOST = "$(BUILT_PRODUCTS_DIR)/DogCommunity.app/DogCommunity";
			};
			name = Debug;
		};
		FBCEE04F1CD0254D00AEDF7A /* Release */ = {
			isa = XCBuildConfiguration;
			buildSettings = {
				BUNDLE_LOADER = "$(TEST_HOST)";
				INFOPLIST_FILE = DogCommunityTests/Info.plist;
				LD_RUNPATH_SEARCH_PATHS = "$(inherited) @executable_path/Frameworks @loader_path/Frameworks";
				PRODUCT_BUNDLE_IDENTIFIER = TEAM.DogCommunityTests;
				PRODUCT_NAME = "$(TARGET_NAME)";
				TEST_HOST = "$(BUILT_PRODUCTS_DIR)/DogCommunity.app/DogCommunity";
			};
			name = Release;
		};
		FBCEE0511CD0254D00AEDF7A /* Debug */ = {
			isa = XCBuildConfiguration;
			buildSettings = {
				INFOPLIST_FILE = DogCommunityUITests/Info.plist;
				LD_RUNPATH_SEARCH_PATHS = "$(inherited) @executable_path/Frameworks @loader_path/Frameworks";
				PRODUCT_BUNDLE_IDENTIFIER = TEAM.DogCommunityUITests;
				PRODUCT_NAME = "$(TARGET_NAME)";
				TEST_TARGET_NAME = DogCommunity;
				USES_XCTRUNNER = YES;
			};
			name = Debug;
		};
		FBCEE0521CD0254D00AEDF7A /* Release */ = {
			isa = XCBuildConfiguration;
			buildSettings = {
				INFOPLIST_FILE = DogCommunityUITests/Info.plist;
				LD_RUNPATH_SEARCH_PATHS = "$(inherited) @executable_path/Frameworks @loader_path/Frameworks";
				PRODUCT_BUNDLE_IDENTIFIER = TEAM.DogCommunityUITests;
				PRODUCT_NAME = "$(TARGET_NAME)";
				TEST_TARGET_NAME = DogCommunity;
				USES_XCTRUNNER = YES;
			};
			name = Release;
		};
/* End XCBuildConfiguration section */

/* Begin XCConfigurationList section */
		FBCEE01D1CD0254D00AEDF7A /* Build configuration list for PBXProject "DogCommunity" */ = {
			isa = XCConfigurationList;
			buildConfigurations = (
				FBCEE0481CD0254D00AEDF7A /* Debug */,
				FBCEE0491CD0254D00AEDF7A /* Release */,
			);
			defaultConfigurationIsVisible = 0;
			defaultConfigurationName = Release;
		};
		FBCEE04A1CD0254D00AEDF7A /* Build configuration list for PBXNativeTarget "DogCommunity" */ = {
			isa = XCConfigurationList;
			buildConfigurations = (
				FBCEE04B1CD0254D00AEDF7A /* Debug */,
				FBCEE04C1CD0254D00AEDF7A /* Release */,
			);
			defaultConfigurationIsVisible = 0;
			defaultConfigurationName = Release;
		};
		FBCEE04D1CD0254D00AEDF7A /* Build configuration list for PBXNativeTarget "DogCommunityTests" */ = {
			isa = XCConfigurationList;
			buildConfigurations = (
				FBCEE04E1CD0254D00AEDF7A /* Debug */,
				FBCEE04F1CD0254D00AEDF7A /* Release */,
			);
			defaultConfigurationIsVisible = 0;
			defaultConfigurationName = Release;
		};
		FBCEE0501CD0254D00AEDF7A /* Build configuration list for PBXNativeTarget "DogCommunityUITests" */ = {
			isa = XCConfigurationList;
			buildConfigurations = (
				FBCEE0511CD0254D00AEDF7A /* Debug */,
				FBCEE0521CD0254D00AEDF7A /* Release */,
			);
			defaultConfigurationIsVisible = 0;
			defaultConfigurationName = Release;
		};
/* End XCConfigurationList section */
	};
	rootObject = FBCEE01A1CD0254D00AEDF7A /* Project object */;
}
